
Microsoft Visual Studio Solution File, Format Version 12.00
# Visual Studio Version 16
VisualStudioVersion = 16.0.30225.117
MinimumVisualStudioVersion = 10.0.40219.1
Project("{FAE04EC0-301F-11D3-BF4B-00C04F79EFBC}") = "KrediKartıDogrulama", "KrediKartıDogrulama\KrediKartıDogrulama.csproj", "{527ED741-CF80-4776-A656-2AE053FB8C95}"
EndProject
Global
	GlobalSection(SolutionConfigurationPlatforms) = preSolution
		Debug|Any CPU = Debug|Any CPU
		Release|Any CPU = Release|Any CPU
	EndGlobalSection
	GlobalSection(ProjectConfigurationPlatforms) = postSolution
		{527ED741-CF80-4776-A656-2AE053FB8C95}.Debug|Any CPU.ActiveCfg = Debug|Any CPU
		{527ED741-CF80-4776-A656-2AE053FB8C95}.Debug|Any CPU.Build.0 = Debug|Any CPU
		{527ED741-CF80-4776-A656-2AE053FB8C95}.Release|Any CPU.ActiveCfg = Release|Any CPU
		{527ED741-CF80-4776-A656-2AE053FB8C95}.Release|Any CPU.Build.0 = Release|Any CPU
	EndGlobalSection
	GlobalSection(SolutionProperties) = preSolution
		HideSolutionNode = FALSE
	EndGlobalSection
	GlobalSection(ExtensibilityGlobals) = postSolution
		SolutionGuid = {C43F420A-9A73-4BEA-95F6-618260AF5BC4}
	EndGlobalSection
EndGlobal
